
Microsoft Visual Studio Solution File, Format Version 12.00
# Visual Studio 2013
VisualStudioVersion = 12.0.31101.0
MinimumVisualStudioVersion = 10.0.40219.1
Project("{FAE04EC0-301F-11D3-BF4B-00C04F79EFBC}") = "DidarApiWrapper", "DidarApiWrapper\DidarApiWrapper.csproj", "{5B080F9E-0F4D-4B88-AF78-89178774234F}"
EndProject
Project("{FAE04EC0-301F-11D3-BF4B-00C04F79EFBC}") = "DidarApiDemoWindowsForms", "DidarApiDemoWindowsForms\DidarApiDemoWindowsForms.csproj", "{F1C43D64-E435-48E9-917C-4C0853542D0F}"
EndProject
Project("{FAE04EC0-301F-11D3-BF4B-00C04F79EFBC}") = "DidarApiWrapperV2", "DidarApiWrapperV2\DidarApiWrapperV2.csproj", "{4459DA85-E0C1-4C2A-BBC2-3241B2848F92}"
EndProject
Global
	GlobalSection(SolutionConfigurationPlatforms) = preSolution
		Debug|Any CPU = Debug|Any CPU
		Release|Any CPU = Release|Any CPU
	EndGlobalSection
	GlobalSection(ProjectConfigurationPlatforms) = postSolution
		{5B080F9E-0F4D-4B88-AF78-89178774234F}.Debug|Any CPU.ActiveCfg = Debug|Any CPU
		{5B080F9E-0F4D-4B88-AF78-89178774234F}.Debug|Any CPU.Build.0 = Debug|Any CPU
		{5B080F9E-0F4D-4B88-AF78-89178774234F}.Release|Any CPU.ActiveCfg = Release|Any CPU
		{5B080F9E-0F4D-4B88-AF78-89178774234F}.Release|Any CPU.Build.0 = Release|Any CPU
		{F1C43D64-E435-48E9-917C-4C0853542D0F}.Debug|Any CPU.ActiveCfg = Debug|Any CPU
		{F1C43D64-E435-48E9-917C-4C0853542D0F}.Debug|Any CPU.Build.0 = Debug|Any CPU
		{F1C43D64-E435-48E9-917C-4C0853542D0F}.Release|Any CPU.ActiveCfg = Release|Any CPU
		{F1C43D64-E435-48E9-917C-4C0853542D0F}.Release|Any CPU.Build.0 = Release|Any CPU
		{4459DA85-E0C1-4C2A-BBC2-3241B2848F92}.Debug|Any CPU.ActiveCfg = Debug|Any CPU
		{4459DA85-E0C1-4C2A-BBC2-3241B2848F92}.Debug|Any CPU.Build.0 = Debug|Any CPU
		{4459DA85-E0C1-4C2A-BBC2-3241B2848F92}.Release|Any CPU.ActiveCfg = Release|Any CPU
		{4459DA85-E0C1-4C2A-BBC2-3241B2848F92}.Release|Any CPU.Build.0 = Release|Any CPU
	EndGlobalSection
	GlobalSection(SolutionProperties) = preSolution
		HideSolutionNode = FALSE
	EndGlobalSection
EndGlobal
